
Microsoft Visual Studio Solution File, Format Version 12.00
# Visual Studio Version 17
VisualStudioVersion = 17.1.32319.34
MinimumVisualStudioVersion = 10.0.40219.1
Project("{FAE04EC0-301F-11D3-BF4B-00C04F79EFBC}") = "TiendaOnline.Web", "TiendaOnline.Web\TiendaOnline.Web.csproj", "{DDDC7D7B-9DFB-4BE2-B480-42EE0060595C}"
EndProject
Global
	GlobalSection(SolutionConfigurationPlatforms) = preSolution
		Debug|Any CPU = Debug|Any CPU
		Release|Any CPU = Release|Any CPU
	EndGlobalSection
	GlobalSection(ProjectConfigurationPlatforms) = postSolution
		{DDDC7D7B-9DFB-4BE2-B480-42EE0060595C}.Debug|Any CPU.ActiveCfg = Debug|Any CPU
		{DDDC7D7B-9DFB-4BE2-B480-42EE0060595C}.Debug|Any CPU.Build.0 = Debug|Any CPU
		{DDDC7D7B-9DFB-4BE2-B480-42EE0060595C}.Release|Any CPU.ActiveCfg = Release|Any CPU
		{DDDC7D7B-9DFB-4BE2-B480-42EE0060595C}.Release|Any CPU.Build.0 = Release|Any CPU
	EndGlobalSection
	GlobalSection(SolutionProperties) = preSolution
		HideSolutionNode = FALSE
	EndGlobalSection
	GlobalSection(ExtensibilityGlobals) = postSolution
		SolutionGuid = {3D625932-66CA-4E68-9592-0604E065D68C}
	EndGlobalSection
EndGlobal
